
Microsoft Visual Studio Solution File, Format Version 12.00
# Visual Studio Version 16
VisualStudioVersion = 16.0.30114.105
MinimumVisualStudioVersion = 10.0.40219.1
Project("{2150E333-8FDC-42A3-9474-1A3956D46DE8}") = "src", "src", "{BE5C51D0-DB91-4531-9DFE-7FA84D3CD862}"
EndProject
Project("{2150E333-8FDC-42A3-9474-1A3956D46DE8}") = "test", "test", "{6DAB12FE-36E0-4B52-ADE4-6AC4B67FAA12}"
EndProject
Project("{9A19103F-16F7-4668-BE54-9A1E7A4F7556}") = "Conjure", "src\Conjure\Conjure.csproj", "{EAA5A122-666C-49B4-B649-3C0EEC76AD33}"
EndProject
Project("{9A19103F-16F7-4668-BE54-9A1E7A4F7556}") = "Conjure.NScribe", "src\Conjure.NScribe\Conjure.NScribe.csproj", "{1DA44DA1-E0B2-4209-AA29-D6A739021E96}"
EndProject
Project("{9A19103F-16F7-4668-BE54-9A1E7A4F7556}") = "Conjure.EFX", "src\Conjure.EFX\Conjure.EFX.csproj", "{FAAA0901-A541-4AC2-B57B-1C1FB66E1850}"
EndProject
Project("{9A19103F-16F7-4668-BE54-9A1E7A4F7556}") = "Conjure.EFX.DotNetTool", "src\Conjure.EFX.DotNetTool\Conjure.EFX.DotNetTool.csproj", "{60215CFE-193C-4E82-A75D-21D2286A9621}"
EndProject
Project("{9A19103F-16F7-4668-BE54-9A1E7A4F7556}") = "Conjure.EFX.SourceGenerator", "src\Conjure.EFX.SourceGenerator\Conjure.EFX.SourceGenerator.csproj", "{D4A89197-7868-4C6A-8207-4CEFCB2B245F}"
EndProject
Project("{9A19103F-16F7-4668-BE54-9A1E7A4F7556}") = "Conjure.Tests", "test\Conjure.Tests\Conjure.Tests.csproj", "{DDC5CC6B-E90D-4167-83F9-73D225905704}"
EndProject
Project("{9A19103F-16F7-4668-BE54-9A1E7A4F7556}") = "Conjure.PipeTalk", "src\Conjure.PipeTalk\Conjure.PipeTalk.csproj", "{576CA32B-A3A9-4C1A-84DA-2A1FCFCBD90B}"
EndProject
Project("{2150E333-8FDC-42A3-9474-1A3956D46DE8}") = "docs", "docs", "{878DF9D4-F4E5-4C30-919D-220BD18B5D1C}"
EndProject
Project("{2150E333-8FDC-42A3-9474-1A3956D46DE8}") = "examples", "examples", "{87EB06F8-D4A9-4BC1-BE96-1A945791A539}"
EndProject
Project("{FAE04EC0-301F-11D3-BF4B-00C04F79EFBC}") = "Conjure.NScribe.Sample1", "docs\examples\Conjure.NScribe.Sample1\Conjure.NScribe.Sample1.csproj", "{EFAD4F88-77AC-4FC8-BF3F-B25E11136386}"
EndProject
Project("{FAE04EC0-301F-11D3-BF4B-00C04F79EFBC}") = "Conjure.PipeTalk.Sample", "docs\examples\Conjure.PipeTalk.Sample\Conjure.PipeTalk.Sample.csproj", "{C8B28F31-869D-425F-9A58-D886B399260B}"
EndProject
Project("{FAE04EC0-301F-11D3-BF4B-00C04F79EFBC}") = "Conjure.EFX.Sample1", "docs\examples\Conjure.EFX.Sample1\Conjure.EFX.Sample1.csproj", "{02104E52-6671-4681-888E-D70E5DB07120}"
EndProject
Project("{FAE04EC0-301F-11D3-BF4B-00C04F79EFBC}") = "Conjure.EFX.Sample2", "docs\examples\Conjure.EFX.Sample2\Conjure.EFX.Sample2.csproj", "{64D3163B-BBE1-46BE-85C7-CA940F2FA9CF}"
EndProject
Project("{2150E333-8FDC-42A3-9474-1A3956D46DE8}") = "misc", "misc", "{DFC90F97-BEA7-4588-B497-ED782BB5F887}"
EndProject
Project("{2150E333-8FDC-42A3-9474-1A3956D46DE8}") = "research", "research", "{442517C6-B6D3-4644-AF79-75A4D3F45EBF}"
EndProject
Project("{FAE04EC0-301F-11D3-BF4B-00C04F79EFBC}") = "BlazorServerAuth", "misc\research\BlazorServerAuth\BlazorServerAuth.csproj", "{B75E07D4-2514-4C43-95AA-5AE02F01325C}"
EndProject
Project("{FAE04EC0-301F-11D3-BF4B-00C04F79EFBC}") = "BlazorServer5Auth", "misc\research\BlazorServer5Auth\BlazorServer5Auth.csproj", "{8F000A76-16E5-4A22-B18D-C8D12272203C}"
EndProject
Project("{FAE04EC0-301F-11D3-BF4B-00C04F79EFBC}") = "Conjure.Blazor", "src\Conjure.Blazor\Conjure.Blazor.csproj", "{57CD88E5-73DA-43D9-A155-6E47B81BA235}"
EndProject
Project("{FAE04EC0-301F-11D3-BF4B-00C04F79EFBC}") = "Conjure.Blazor.Sample1", "docs\examples\Conjure.Blazor.Sample1\Conjure.Blazor.Sample1.csproj", "{16053315-D99B-4DA4-8B44-C853E66EC3B6}"
EndProject
Global
	GlobalSection(SolutionConfigurationPlatforms) = preSolution
		Debug|Any CPU = Debug|Any CPU
		Debug|x64 = Debug|x64
		Debug|x86 = Debug|x86
		Release|Any CPU = Release|Any CPU
		Release|x64 = Release|x64
		Release|x86 = Release|x86
	EndGlobalSection
	GlobalSection(ProjectConfigurationPlatforms) = postSolution
		{EAA5A122-666C-49B4-B649-3C0EEC76AD33}.Debug|Any CPU.ActiveCfg = Debug|Any CPU
		{EAA5A122-666C-49B4-B649-3C0EEC76AD33}.Debug|Any CPU.Build.0 = Debug|Any CPU
		{EAA5A122-666C-49B4-B649-3C0EEC76AD33}.Debug|x64.ActiveCfg = Debug|Any CPU
		{EAA5A122-666C-49B4-B649-3C0EEC76AD33}.Debug|x64.Build.0 = Debug|Any CPU
		{EAA5A122-666C-49B4-B649-3C0EEC76AD33}.Debug|x86.ActiveCfg = Debug|Any CPU
		{EAA5A122-666C-49B4-B649-3C0EEC76AD33}.Debug|x86.Build.0 = Debug|Any CPU
		{EAA5A122-666C-49B4-B649-3C0EEC76AD33}.Release|Any CPU.ActiveCfg = Release|Any CPU
		{EAA5A122-666C-49B4-B649-3C0EEC76AD33}.Release|Any CPU.Build.0 = Release|Any CPU
		{EAA5A122-666C-49B4-B649-3C0EEC76AD33}.Release|x64.ActiveCfg = Release|Any CPU
		{EAA5A122-666C-49B4-B649-3C0EEC76AD33}.Release|x64.Build.0 = Release|Any CPU
		{EAA5A122-666C-49B4-B649-3C0EEC76AD33}.Release|x86.ActiveCfg = Release|Any CPU
		{EAA5A122-666C-49B4-B649-3C0EEC76AD33}.Release|x86.Build.0 = Release|Any CPU
		{1DA44DA1-E0B2-4209-AA29-D6A739021E96}.Debug|Any CPU.ActiveCfg = Debug|Any CPU
		{1DA44DA1-E0B2-4209-AA29-D6A739021E96}.Debug|Any CPU.Build.0 = Debug|Any CPU
		{1DA44DA1-E0B2-4209-AA29-D6A739021E96}.Debug|x64.ActiveCfg = Debug|Any CPU
		{1DA44DA1-E0B2-4209-AA29-D6A739021E96}.Debug|x64.Build.0 = Debug|Any CPU
		{1DA44DA1-E0B2-4209-AA29-D6A739021E96}.Debug|x86.ActiveCfg = Debug|Any CPU
		{1DA44DA1-E0B2-4209-AA29-D6A739021E96}.Debug|x86.Build.0 = Debug|Any CPU
		{1DA44DA1-E0B2-4209-AA29-D6A739021E96}.Release|Any CPU.ActiveCfg = Release|Any CPU
		{1DA44DA1-E0B2-4209-AA29-D6A739021E96}.Release|Any CPU.Build.0 = Release|Any CPU
		{1DA44DA1-E0B2-4209-AA29-D6A739021E96}.Release|x64.ActiveCfg = Release|Any CPU
		{1DA44DA1-E0B2-4209-AA29-D6A739021E96}.Release|x64.Build.0 = Release|Any CPU
		{1DA44DA1-E0B2-4209-AA29-D6A739021E96}.Release|x86.ActiveCfg = Release|Any CPU
		{1DA44DA1-E0B2-4209-AA29-D6A739021E96}.Release|x86.Build.0 = Release|Any CPU
		{FAAA0901-A541-4AC2-B57B-1C1FB66E1850}.Debug|Any CPU.ActiveCfg = Debug|Any CPU
		{FAAA0901-A541-4AC2-B57B-1C1FB66E1850}.Debug|Any CPU.Build.0 = Debug|Any CPU
		{FAAA0901-A541-4AC2-B57B-1C1FB66E1850}.Debug|x64.ActiveCfg = Debug|Any CPU
		{FAAA0901-A541-4AC2-B57B-1C1FB66E1850}.Debug|x64.Build.0 = Debug|Any CPU
		{FAAA0901-A541-4AC2-B57B-1C1FB66E1850}.Debug|x86.ActiveCfg = Debug|Any CPU
		{FAAA0901-A541-4AC2-B57B-1C1FB66E1850}.Debug|x86.Build.0 = Debug|Any CPU
		{FAAA0901-A541-4AC2-B57B-1C1FB66E1850}.Release|Any CPU.ActiveCfg = Release|Any CPU
		{FAAA0901-A541-4AC2-B57B-1C1FB66E1850}.Release|Any CPU.Build.0 = Release|Any CPU
		{FAAA0901-A541-4AC2-B57B-1C1FB66E1850}.Release|x64.ActiveCfg = Release|Any CPU
		{FAAA0901-A541-4AC2-B57B-1C1FB66E1850}.Release|x64.Build.0 = Release|Any CPU
		{FAAA0901-A541-4AC2-B57B-1C1FB66E1850}.Release|x86.ActiveCfg = Release|Any CPU
		{FAAA0901-A541-4AC2-B57B-1C1FB66E1850}.Release|x86.Build.0 = Release|Any CPU
		{60215CFE-193C-4E82-A75D-21D2286A9621}.Debug|Any CPU.ActiveCfg = Debug|Any CPU
		{60215CFE-193C-4E82-A75D-21D2286A9621}.Debug|Any CPU.Build.0 = Debug|Any CPU
		{60215CFE-193C-4E82-A75D-21D2286A9621}.Debug|x64.ActiveCfg = Debug|Any CPU
		{60215CFE-193C-4E82-A75D-21D2286A9621}.Debug|x64.Build.0 = Debug|Any CPU
		{60215CFE-193C-4E82-A75D-21D2286A9621}.Debug|x86.ActiveCfg = Debug|Any CPU
		{60215CFE-193C-4E82-A75D-21D2286A9621}.Debug|x86.Build.0 = Debug|Any CPU
		{60215CFE-193C-4E82-A75D-21D2286A9621}.Release|Any CPU.ActiveCfg = Release|Any CPU
		{60215CFE-193C-4E82-A75D-21D2286A9621}.Release|Any CPU.Build.0 = Release|Any CPU
		{60215CFE-193C-4E82-A75D-21D2286A9621}.Release|x64.ActiveCfg = Release|Any CPU
		{60215CFE-193C-4E82-A75D-21D2286A9621}.Release|x64.Build.0 = Release|Any CPU
		{60215CFE-193C-4E82-A75D-21D2286A9621}.Release|x86.ActiveCfg = Release|Any CPU
		{60215CFE-193C-4E82-A75D-21D2286A9621}.Release|x86.Build.0 = Release|Any CPU
		{D4A89197-7868-4C6A-8207-4CEFCB2B245F}.Debug|Any CPU.ActiveCfg = Debug|Any CPU
		{D4A89197-7868-4C6A-8207-4CEFCB2B245F}.Debug|Any CPU.Build.0 = Debug|Any CPU
		{D4A89197-7868-4C6A-8207-4CEFCB2B245F}.Debug|x64.ActiveCfg = Debug|Any CPU
		{D4A89197-7868-4C6A-8207-4CEFCB2B245F}.Debug|x64.Build.0 = Debug|Any CPU
		{D4A89197-7868-4C6A-8207-4CEFCB2B245F}.Debug|x86.ActiveCfg = Debug|Any CPU
		{D4A89197-7868-4C6A-8207-4CEFCB2B245F}.Debug|x86.Build.0 = Debug|Any CPU
		{D4A89197-7868-4C6A-8207-4CEFCB2B245F}.Release|Any CPU.ActiveCfg = Release|Any CPU
		{D4A89197-7868-4C6A-8207-4CEFCB2B245F}.Release|Any CPU.Build.0 = Release|Any CPU
		{D4A89197-7868-4C6A-8207-4CEFCB2B245F}.Release|x64.ActiveCfg = Release|Any CPU
		{D4A89197-7868-4C6A-8207-4CEFCB2B245F}.Release|x64.Build.0 = Release|Any CPU
		{D4A89197-7868-4C6A-8207-4CEFCB2B245F}.Release|x86.ActiveCfg = Release|Any CPU
		{D4A89197-7868-4C6A-8207-4CEFCB2B245F}.Release|x86.Build.0 = Release|Any CPU
		{DDC5CC6B-E90D-4167-83F9-73D225905704}.Debug|Any CPU.ActiveCfg = Debug|Any CPU
		{DDC5CC6B-E90D-4167-83F9-73D225905704}.Debug|Any CPU.Build.0 = Debug|Any CPU
		{DDC5CC6B-E90D-4167-83F9-73D225905704}.Debug|x64.ActiveCfg = Debug|Any CPU
		{DDC5CC6B-E90D-4167-83F9-73D225905704}.Debug|x64.Build.0 = Debug|Any CPU
		{DDC5CC6B-E90D-4167-83F9-73D225905704}.Debug|x86.ActiveCfg = Debug|Any CPU
		{DDC5CC6B-E90D-4167-83F9-73D225905704}.Debug|x86.Build.0 = Debug|Any CPU
		{DDC5CC6B-E90D-4167-83F9-73D225905704}.Release|Any CPU.ActiveCfg = Release|Any CPU
		{DDC5CC6B-E90D-4167-83F9-73D225905704}.Release|Any CPU.Build.0 = Release|Any CPU
		{DDC5CC6B-E90D-4167-83F9-73D225905704}.Release|x64.ActiveCfg = Release|Any CPU
		{DDC5CC6B-E90D-4167-83F9-73D225905704}.Release|x64.Build.0 = Release|Any CPU
		{DDC5CC6B-E90D-4167-83F9-73D225905704}.Release|x86.ActiveCfg = Release|Any CPU
		{DDC5CC6B-E90D-4167-83F9-73D225905704}.Release|x86.Build.0 = Release|Any CPU
		{576CA32B-A3A9-4C1A-84DA-2A1FCFCBD90B}.Debug|Any CPU.ActiveCfg = Debug|Any CPU
		{576CA32B-A3A9-4C1A-84DA-2A1FCFCBD90B}.Debug|Any CPU.Build.0 = Debug|Any CPU
		{576CA32B-A3A9-4C1A-84DA-2A1FCFCBD90B}.Debug|x64.ActiveCfg = Debug|Any CPU
		{576CA32B-A3A9-4C1A-84DA-2A1FCFCBD90B}.Debug|x64.Build.0 = Debug|Any CPU
		{576CA32B-A3A9-4C1A-84DA-2A1FCFCBD90B}.Debug|x86.ActiveCfg = Debug|Any CPU
		{576CA32B-A3A9-4C1A-84DA-2A1FCFCBD90B}.Debug|x86.Build.0 = Debug|Any CPU
		{576CA32B-A3A9-4C1A-84DA-2A1FCFCBD90B}.Release|Any CPU.ActiveCfg = Release|Any CPU
		{576CA32B-A3A9-4C1A-84DA-2A1FCFCBD90B}.Release|Any CPU.Build.0 = Release|Any CPU
		{576CA32B-A3A9-4C1A-84DA-2A1FCFCBD90B}.Release|x64.ActiveCfg = Release|Any CPU
		{576CA32B-A3A9-4C1A-84DA-2A1FCFCBD90B}.Release|x64.Build.0 = Release|Any CPU
		{576CA32B-A3A9-4C1A-84DA-2A1FCFCBD90B}.Release|x86.ActiveCfg = Release|Any CPU
		{576CA32B-A3A9-4C1A-84DA-2A1FCFCBD90B}.Release|x86.Build.0 = Release|Any CPU
		{EFAD4F88-77AC-4FC8-BF3F-B25E11136386}.Debug|Any CPU.ActiveCfg = Debug|Any CPU
		{EFAD4F88-77AC-4FC8-BF3F-B25E11136386}.Debug|Any CPU.Build.0 = Debug|Any CPU
		{EFAD4F88-77AC-4FC8-BF3F-B25E11136386}.Debug|x64.ActiveCfg = Debug|Any CPU
		{EFAD4F88-77AC-4FC8-BF3F-B25E11136386}.Debug|x64.Build.0 = Debug|Any CPU
		{EFAD4F88-77AC-4FC8-BF3F-B25E11136386}.Debug|x86.ActiveCfg = Debug|Any CPU
		{EFAD4F88-77AC-4FC8-BF3F-B25E11136386}.Debug|x86.Build.0 = Debug|Any CPU
		{EFAD4F88-77AC-4FC8-BF3F-B25E11136386}.Release|Any CPU.ActiveCfg = Release|Any CPU
		{EFAD4F88-77AC-4FC8-BF3F-B25E11136386}.Release|Any CPU.Build.0 = Release|Any CPU
		{EFAD4F88-77AC-4FC8-BF3F-B25E11136386}.Release|x64.ActiveCfg = Release|Any CPU
		{EFAD4F88-77AC-4FC8-BF3F-B25E11136386}.Release|x64.Build.0 = Release|Any CPU
		{EFAD4F88-77AC-4FC8-BF3F-B25E11136386}.Release|x86.ActiveCfg = Release|Any CPU
		{EFAD4F88-77AC-4FC8-BF3F-B25E11136386}.Release|x86.Build.0 = Release|Any CPU
		{C8B28F31-869D-425F-9A58-D886B399260B}.Debug|Any CPU.ActiveCfg = Debug|Any CPU
		{C8B28F31-869D-425F-9A58-D886B399260B}.Debug|Any CPU.Build.0 = Debug|Any CPU
		{C8B28F31-869D-425F-9A58-D886B399260B}.Debug|x64.ActiveCfg = Debug|Any CPU
		{C8B28F31-869D-425F-9A58-D886B399260B}.Debug|x64.Build.0 = Debug|Any CPU
		{C8B28F31-869D-425F-9A58-D886B399260B}.Debug|x86.ActiveCfg = Debug|Any CPU
		{C8B28F31-869D-425F-9A58-D886B399260B}.Debug|x86.Build.0 = Debug|Any CPU
		{C8B28F31-869D-425F-9A58-D886B399260B}.Release|Any CPU.ActiveCfg = Release|Any CPU
		{C8B28F31-869D-425F-9A58-D886B399260B}.Release|Any CPU.Build.0 = Release|Any CPU
		{C8B28F31-869D-425F-9A58-D886B399260B}.Release|x64.ActiveCfg = Release|Any CPU
		{C8B28F31-869D-425F-9A58-D886B399260B}.Release|x64.Build.0 = Release|Any CPU
		{C8B28F31-869D-425F-9A58-D886B399260B}.Release|x86.ActiveCfg = Release|Any CPU
		{C8B28F31-869D-425F-9A58-D886B399260B}.Release|x86.Build.0 = Release|Any CPU
		{02104E52-6671-4681-888E-D70E5DB07120}.Debug|Any CPU.ActiveCfg = Debug|Any CPU
		{02104E52-6671-4681-888E-D70E5DB07120}.Debug|Any CPU.Build.0 = Debug|Any CPU
		{02104E52-6671-4681-888E-D70E5DB07120}.Debug|x64.ActiveCfg = Debug|Any CPU
		{02104E52-6671-4681-888E-D70E5DB07120}.Debug|x64.Build.0 = Debug|Any CPU
		{02104E52-6671-4681-888E-D70E5DB07120}.Debug|x86.ActiveCfg = Debug|Any CPU
		{02104E52-6671-4681-888E-D70E5DB07120}.Debug|x86.Build.0 = Debug|Any CPU
		{02104E52-6671-4681-888E-D70E5DB07120}.Release|Any CPU.ActiveCfg = Release|Any CPU
		{02104E52-6671-4681-888E-D70E5DB07120}.Release|Any CPU.Build.0 = Release|Any CPU
		{02104E52-6671-4681-888E-D70E5DB07120}.Release|x64.ActiveCfg = Release|Any CPU
		{02104E52-6671-4681-888E-D70E5DB07120}.Release|x64.Build.0 = Release|Any CPU
		{02104E52-6671-4681-888E-D70E5DB07120}.Release|x86.ActiveCfg = Release|Any CPU
		{02104E52-6671-4681-888E-D70E5DB07120}.Release|x86.Build.0 = Release|Any CPU
		{64D3163B-BBE1-46BE-85C7-CA940F2FA9CF}.Debug|Any CPU.ActiveCfg = Debug|Any CPU
		{64D3163B-BBE1-46BE-85C7-CA940F2FA9CF}.Debug|Any CPU.Build.0 = Debug|Any CPU
		{64D3163B-BBE1-46BE-85C7-CA940F2FA9CF}.Debug|x64.ActiveCfg = Debug|Any CPU
		{64D3163B-BBE1-46BE-85C7-CA940F2FA9CF}.Debug|x64.Build.0 = Debug|Any CPU
		{64D3163B-BBE1-46BE-85C7-CA940F2FA9CF}.Debug|x86.ActiveCfg = Debug|Any CPU
		{64D3163B-BBE1-46BE-85C7-CA940F2FA9CF}.Debug|x86.Build.0 = Debug|Any CPU
		{64D3163B-BBE1-46BE-85C7-CA940F2FA9CF}.Release|Any CPU.ActiveCfg = Release|Any CPU
		{64D3163B-BBE1-46BE-85C7-CA940F2FA9CF}.Release|Any CPU.Build.0 = Release|Any CPU
		{64D3163B-BBE1-46BE-85C7-CA940F2FA9CF}.Release|x64.ActiveCfg = Release|Any CPU
		{64D3163B-BBE1-46BE-85C7-CA940F2FA9CF}.Release|x64.Build.0 = Release|Any CPU
		{64D3163B-BBE1-46BE-85C7-CA940F2FA9CF}.Release|x86.ActiveCfg = Release|Any CPU
		{64D3163B-BBE1-46BE-85C7-CA940F2FA9CF}.Release|x86.Build.0 = Release|Any CPU
		{B75E07D4-2514-4C43-95AA-5AE02F01325C}.Debug|Any CPU.ActiveCfg = Debug|Any CPU
		{B75E07D4-2514-4C43-95AA-5AE02F01325C}.Debug|Any CPU.Build.0 = Debug|Any CPU
		{B75E07D4-2514-4C43-95AA-5AE02F01325C}.Debug|x64.ActiveCfg = Debug|Any CPU
		{B75E07D4-2514-4C43-95AA-5AE02F01325C}.Debug|x64.Build.0 = Debug|Any CPU
		{B75E07D4-2514-4C43-95AA-5AE02F01325C}.Debug|x86.ActiveCfg = Debug|Any CPU
		{B75E07D4-2514-4C43-95AA-5AE02F01325C}.Debug|x86.Build.0 = Debug|Any CPU
		{B75E07D4-2514-4C43-95AA-5AE02F01325C}.Release|Any CPU.ActiveCfg = Release|Any CPU
		{B75E07D4-2514-4C43-95AA-5AE02F01325C}.Release|Any CPU.Build.0 = Release|Any CPU
		{B75E07D4-2514-4C43-95AA-5AE02F01325C}.Release|x64.ActiveCfg = Release|Any CPU
		{B75E07D4-2514-4C43-95AA-5AE02F01325C}.Release|x64.Build.0 = Release|Any CPU
		{B75E07D4-2514-4C43-95AA-5AE02F01325C}.Release|x86.ActiveCfg = Release|Any CPU
		{B75E07D4-2514-4C43-95AA-5AE02F01325C}.Release|x86.Build.0 = Release|Any CPU
		{8F000A76-16E5-4A22-B18D-C8D12272203C}.Debug|Any CPU.ActiveCfg = Debug|Any CPU
		{8F000A76-16E5-4A22-B18D-C8D12272203C}.Debug|Any CPU.Build.0 = Debug|Any CPU
		{8F000A76-16E5-4A22-B18D-C8D12272203C}.Debug|x64.ActiveCfg = Debug|Any CPU
		{8F000A76-16E5-4A22-B18D-C8D12272203C}.Debug|x64.Build.0 = Debug|Any CPU
		{8F000A76-16E5-4A22-B18D-C8D12272203C}.Debug|x86.ActiveCfg = Debug|Any CPU
		{8F000A76-16E5-4A22-B18D-C8D12272203C}.Debug|x86.Build.0 = Debug|Any CPU
		{8F000A76-16E5-4A22-B18D-C8D12272203C}.Release|Any CPU.ActiveCfg = Release|Any CPU
		{8F000A76-16E5-4A22-B18D-C8D12272203C}.Release|Any CPU.Build.0 = Release|Any CPU
		{8F000A76-16E5-4A22-B18D-C8D12272203C}.Release|x64.ActiveCfg = Release|Any CPU
		{8F000A76-16E5-4A22-B18D-C8D12272203C}.Release|x64.Build.0 = Release|Any CPU
		{8F000A76-16E5-4A22-B18D-C8D12272203C}.Release|x86.ActiveCfg = Release|Any CPU
		{8F000A76-16E5-4A22-B18D-C8D12272203C}.Release|x86.Build.0 = Release|Any CPU
		{57CD88E5-73DA-43D9-A155-6E47B81BA235}.Debug|Any CPU.ActiveCfg = Debug|Any CPU
		{57CD88E5-73DA-43D9-A155-6E47B81BA235}.Debug|Any CPU.Build.0 = Debug|Any CPU
		{57CD88E5-73DA-43D9-A155-6E47B81BA235}.Debug|x64.ActiveCfg = Debug|Any CPU
		{57CD88E5-73DA-43D9-A155-6E47B81BA235}.Debug|x64.Build.0 = Debug|Any CPU
		{57CD88E5-73DA-43D9-A155-6E47B81BA235}.Debug|x86.ActiveCfg = Debug|Any CPU
		{57CD88E5-73DA-43D9-A155-6E47B81BA235}.Debug|x86.Build.0 = Debug|Any CPU
		{57CD88E5-73DA-43D9-A155-6E47B81BA235}.Release|Any CPU.ActiveCfg = Release|Any CPU
		{57CD88E5-73DA-43D9-A155-6E47B81BA235}.Release|Any CPU.Build.0 = Release|Any CPU
		{57CD88E5-73DA-43D9-A155-6E47B81BA235}.Release|x64.ActiveCfg = Release|Any CPU
		{57CD88E5-73DA-43D9-A155-6E47B81BA235}.Release|x64.Build.0 = Release|Any CPU
		{57CD88E5-73DA-43D9-A155-6E47B81BA235}.Release|x86.ActiveCfg = Release|Any CPU
		{57CD88E5-73DA-43D9-A155-6E47B81BA235}.Release|x86.Build.0 = Release|Any CPU
		{16053315-D99B-4DA4-8B44-C853E66EC3B6}.Debug|Any CPU.ActiveCfg = Debug|Any CPU
		{16053315-D99B-4DA4-8B44-C853E66EC3B6}.Debug|Any CPU.Build.0 = Debug|Any CPU
		{16053315-D99B-4DA4-8B44-C853E66EC3B6}.Debug|x64.ActiveCfg = Debug|Any CPU
		{16053315-D99B-4DA4-8B44-C853E66EC3B6}.Debug|x64.Build.0 = Debug|Any CPU
		{16053315-D99B-4DA4-8B44-C853E66EC3B6}.Debug|x86.ActiveCfg = Debug|Any CPU
		{16053315-D99B-4DA4-8B44-C853E66EC3B6}.Debug|x86.Build.0 = Debug|Any CPU
		{16053315-D99B-4DA4-8B44-C853E66EC3B6}.Release|Any CPU.ActiveCfg = Release|Any CPU
		{16053315-D99B-4DA4-8B44-C853E66EC3B6}.Release|Any CPU.Build.0 = Release|Any CPU
		{16053315-D99B-4DA4-8B44-C853E66EC3B6}.Release|x64.ActiveCfg = Release|Any CPU
		{16053315-D99B-4DA4-8B44-C853E66EC3B6}.Release|x64.Build.0 = Release|Any CPU
		{16053315-D99B-4DA4-8B44-C853E66EC3B6}.Release|x86.ActiveCfg = Release|Any CPU
		{16053315-D99B-4DA4-8B44-C853E66EC3B6}.Release|x86.Build.0 = Release|Any CPU
	EndGlobalSection
	GlobalSection(SolutionProperties) = preSolution
		HideSolutionNode = FALSE
	EndGlobalSection
	GlobalSection(NestedProjects) = preSolution
		{EAA5A122-666C-49B4-B649-3C0EEC76AD33} = {BE5C51D0-DB91-4531-9DFE-7FA84D3CD862}
		{1DA44DA1-E0B2-4209-AA29-D6A739021E96} = {BE5C51D0-DB91-4531-9DFE-7FA84D3CD862}
		{FAAA0901-A541-4AC2-B57B-1C1FB66E1850} = {BE5C51D0-DB91-4531-9DFE-7FA84D3CD862}
		{60215CFE-193C-4E82-A75D-21D2286A9621} = {BE5C51D0-DB91-4531-9DFE-7FA84D3CD862}
		{D4A89197-7868-4C6A-8207-4CEFCB2B245F} = {BE5C51D0-DB91-4531-9DFE-7FA84D3CD862}
		{DDC5CC6B-E90D-4167-83F9-73D225905704} = {6DAB12FE-36E0-4B52-ADE4-6AC4B67FAA12}
		{576CA32B-A3A9-4C1A-84DA-2A1FCFCBD90B} = {BE5C51D0-DB91-4531-9DFE-7FA84D3CD862}
		{87EB06F8-D4A9-4BC1-BE96-1A945791A539} = {878DF9D4-F4E5-4C30-919D-220BD18B5D1C}
		{EFAD4F88-77AC-4FC8-BF3F-B25E11136386} = {87EB06F8-D4A9-4BC1-BE96-1A945791A539}
		{C8B28F31-869D-425F-9A58-D886B399260B} = {87EB06F8-D4A9-4BC1-BE96-1A945791A539}
		{02104E52-6671-4681-888E-D70E5DB07120} = {87EB06F8-D4A9-4BC1-BE96-1A945791A539}
		{64D3163B-BBE1-46BE-85C7-CA940F2FA9CF} = {87EB06F8-D4A9-4BC1-BE96-1A945791A539}
		{442517C6-B6D3-4644-AF79-75A4D3F45EBF} = {DFC90F97-BEA7-4588-B497-ED782BB5F887}
		{B75E07D4-2514-4C43-95AA-5AE02F01325C} = {442517C6-B6D3-4644-AF79-75A4D3F45EBF}
		{8F000A76-16E5-4A22-B18D-C8D12272203C} = {442517C6-B6D3-4644-AF79-75A4D3F45EBF}
		{57CD88E5-73DA-43D9-A155-6E47B81BA235} = {BE5C51D0-DB91-4531-9DFE-7FA84D3CD862}
		{16053315-D99B-4DA4-8B44-C853E66EC3B6} = {87EB06F8-D4A9-4BC1-BE96-1A945791A539}
	EndGlobalSection
	GlobalSection(ExtensibilityGlobals) = postSolution
		SolutionGuid = {F9D83847-46FA-428A-A1C4-9E2C40E459AF}
	EndGlobalSection
EndGlobal
