
Microsoft Visual Studio Solution File, Format Version 12.00
# Visual Studio Version 16
VisualStudioVersion = 16.0.30114.105
MinimumVisualStudioVersion = 10.0.40219.1
Project("{2150E333-8FDC-42A3-9474-1A3956D46DE8}") = "src", "src", "{BE5C51D0-DB91-4531-9DFE-7FA84D3CD862}"
EndProject
Project("{2150E333-8FDC-42A3-9474-1A3956D46DE8}") = "test", "test", "{6DAB12FE-36E0-4B52-ADE4-6AC4B67FAA12}"
EndProject
Project("{FAE04EC0-301F-11D3-BF4B-00C04F79EFBC}") = "Conjure", "src\Conjure\Conjure.csproj", "{EAA5A122-666C-49B4-B649-3C0EEC76AD33}"
EndProject
Project("{FAE04EC0-301F-11D3-BF4B-00C04F79EFBC}") = "Conjure.NScribe", "src\Conjure.NScribe\Conjure.NScribe.csproj", "{1DA44DA1-E0B2-4209-AA29-D6A739021E96}"
EndProject
Project("{FAE04EC0-301F-11D3-BF4B-00C04F79EFBC}") = "Conjure.EFX", "src\Conjure.EFX\Conjure.EFX.csproj", "{FAAA0901-A541-4AC2-B57B-1C1FB66E1850}"
EndProject
Project("{FAE04EC0-301F-11D3-BF4B-00C04F79EFBC}") = "Conjure.EFX.DotNetTool", "src\Conjure.EFX.DotNetTool\Conjure.EFX.DotNetTool.csproj", "{60215CFE-193C-4E82-A75D-21D2286A9621}"
EndProject
Project("{FAE04EC0-301F-11D3-BF4B-00C04F79EFBC}") = "Conjure.EFX.SourceGenerator", "src\Conjure.EFX.SourceGenerator\Conjure.EFX.SourceGenerator.csproj", "{D4A89197-7868-4C6A-8207-4CEFCB2B245F}"
EndProject
Project("{FAE04EC0-301F-11D3-BF4B-00C04F79EFBC}") = "Conjure.Tests", "test\Conjure.Tests\Conjure.Tests.csproj", "{DDC5CC6B-E90D-4167-83F9-73D225905704}"
EndProject
Project("{FAE04EC0-301F-11D3-BF4B-00C04F79EFBC}") = "Conjure.NScribe.Sample1", "test\Conjure.NScribe.Sample1\Conjure.NScribe.Sample1.csproj", "{66879C2D-1756-4ECA-AA22-9EA7DF046D48}"
EndProject
Project("{FAE04EC0-301F-11D3-BF4B-00C04F79EFBC}") = "Conjure.EFX.Sample1", "test\Conjure.EFX.Sample1\Conjure.EFX.Sample1.csproj", "{0D687415-1D44-460C-911F-D9A6400E611D}"
EndProject
Global
	GlobalSection(SolutionConfigurationPlatforms) = preSolution
		Debug|Any CPU = Debug|Any CPU
		Debug|x64 = Debug|x64
		Debug|x86 = Debug|x86
		Release|Any CPU = Release|Any CPU
		Release|x64 = Release|x64
		Release|x86 = Release|x86
	EndGlobalSection
	GlobalSection(SolutionProperties) = preSolution
		HideSolutionNode = FALSE
	EndGlobalSection
	GlobalSection(ProjectConfigurationPlatforms) = postSolution
		{EAA5A122-666C-49B4-B649-3C0EEC76AD33}.Debug|Any CPU.ActiveCfg = Debug|Any CPU
		{EAA5A122-666C-49B4-B649-3C0EEC76AD33}.Debug|Any CPU.Build.0 = Debug|Any CPU
		{EAA5A122-666C-49B4-B649-3C0EEC76AD33}.Debug|x64.ActiveCfg = Debug|Any CPU
		{EAA5A122-666C-49B4-B649-3C0EEC76AD33}.Debug|x64.Build.0 = Debug|Any CPU
		{EAA5A122-666C-49B4-B649-3C0EEC76AD33}.Debug|x86.ActiveCfg = Debug|Any CPU
		{EAA5A122-666C-49B4-B649-3C0EEC76AD33}.Debug|x86.Build.0 = Debug|Any CPU
		{EAA5A122-666C-49B4-B649-3C0EEC76AD33}.Release|Any CPU.ActiveCfg = Release|Any CPU
		{EAA5A122-666C-49B4-B649-3C0EEC76AD33}.Release|Any CPU.Build.0 = Release|Any CPU
		{EAA5A122-666C-49B4-B649-3C0EEC76AD33}.Release|x64.ActiveCfg = Release|Any CPU
		{EAA5A122-666C-49B4-B649-3C0EEC76AD33}.Release|x64.Build.0 = Release|Any CPU
		{EAA5A122-666C-49B4-B649-3C0EEC76AD33}.Release|x86.ActiveCfg = Release|Any CPU
		{EAA5A122-666C-49B4-B649-3C0EEC76AD33}.Release|x86.Build.0 = Release|Any CPU
		{DDC5CC6B-E90D-4167-83F9-73D225905704}.Debug|Any CPU.ActiveCfg = Debug|Any CPU
		{DDC5CC6B-E90D-4167-83F9-73D225905704}.Debug|Any CPU.Build.0 = Debug|Any CPU
		{DDC5CC6B-E90D-4167-83F9-73D225905704}.Debug|x64.ActiveCfg = Debug|Any CPU
		{DDC5CC6B-E90D-4167-83F9-73D225905704}.Debug|x64.Build.0 = Debug|Any CPU
		{DDC5CC6B-E90D-4167-83F9-73D225905704}.Debug|x86.ActiveCfg = Debug|Any CPU
		{DDC5CC6B-E90D-4167-83F9-73D225905704}.Debug|x86.Build.0 = Debug|Any CPU
		{DDC5CC6B-E90D-4167-83F9-73D225905704}.Release|Any CPU.ActiveCfg = Release|Any CPU
		{DDC5CC6B-E90D-4167-83F9-73D225905704}.Release|Any CPU.Build.0 = Release|Any CPU
		{DDC5CC6B-E90D-4167-83F9-73D225905704}.Release|x64.ActiveCfg = Release|Any CPU
		{DDC5CC6B-E90D-4167-83F9-73D225905704}.Release|x64.Build.0 = Release|Any CPU
		{DDC5CC6B-E90D-4167-83F9-73D225905704}.Release|x86.ActiveCfg = Release|Any CPU
		{DDC5CC6B-E90D-4167-83F9-73D225905704}.Release|x86.Build.0 = Release|Any CPU
		{1DA44DA1-E0B2-4209-AA29-D6A739021E96}.Debug|Any CPU.ActiveCfg = Debug|Any CPU
		{1DA44DA1-E0B2-4209-AA29-D6A739021E96}.Debug|Any CPU.Build.0 = Debug|Any CPU
		{1DA44DA1-E0B2-4209-AA29-D6A739021E96}.Debug|x64.ActiveCfg = Debug|Any CPU
		{1DA44DA1-E0B2-4209-AA29-D6A739021E96}.Debug|x64.Build.0 = Debug|Any CPU
		{1DA44DA1-E0B2-4209-AA29-D6A739021E96}.Debug|x86.ActiveCfg = Debug|Any CPU
		{1DA44DA1-E0B2-4209-AA29-D6A739021E96}.Debug|x86.Build.0 = Debug|Any CPU
		{1DA44DA1-E0B2-4209-AA29-D6A739021E96}.Release|Any CPU.ActiveCfg = Release|Any CPU
		{1DA44DA1-E0B2-4209-AA29-D6A739021E96}.Release|Any CPU.Build.0 = Release|Any CPU
		{1DA44DA1-E0B2-4209-AA29-D6A739021E96}.Release|x64.ActiveCfg = Release|Any CPU
		{1DA44DA1-E0B2-4209-AA29-D6A739021E96}.Release|x64.Build.0 = Release|Any CPU
		{1DA44DA1-E0B2-4209-AA29-D6A739021E96}.Release|x86.ActiveCfg = Release|Any CPU
		{1DA44DA1-E0B2-4209-AA29-D6A739021E96}.Release|x86.Build.0 = Release|Any CPU
		{66879C2D-1756-4ECA-AA22-9EA7DF046D48}.Debug|Any CPU.ActiveCfg = Debug|Any CPU
		{66879C2D-1756-4ECA-AA22-9EA7DF046D48}.Debug|Any CPU.Build.0 = Debug|Any CPU
		{66879C2D-1756-4ECA-AA22-9EA7DF046D48}.Debug|x64.ActiveCfg = Debug|Any CPU
		{66879C2D-1756-4ECA-AA22-9EA7DF046D48}.Debug|x64.Build.0 = Debug|Any CPU
		{66879C2D-1756-4ECA-AA22-9EA7DF046D48}.Debug|x86.ActiveCfg = Debug|Any CPU
		{66879C2D-1756-4ECA-AA22-9EA7DF046D48}.Debug|x86.Build.0 = Debug|Any CPU
		{66879C2D-1756-4ECA-AA22-9EA7DF046D48}.Release|Any CPU.ActiveCfg = Release|Any CPU
		{66879C2D-1756-4ECA-AA22-9EA7DF046D48}.Release|Any CPU.Build.0 = Release|Any CPU
		{66879C2D-1756-4ECA-AA22-9EA7DF046D48}.Release|x64.ActiveCfg = Release|Any CPU
		{66879C2D-1756-4ECA-AA22-9EA7DF046D48}.Release|x64.Build.0 = Release|Any CPU
		{66879C2D-1756-4ECA-AA22-9EA7DF046D48}.Release|x86.ActiveCfg = Release|Any CPU
		{66879C2D-1756-4ECA-AA22-9EA7DF046D48}.Release|x86.Build.0 = Release|Any CPU
		{FAAA0901-A541-4AC2-B57B-1C1FB66E1850}.Debug|Any CPU.ActiveCfg = Debug|Any CPU
		{FAAA0901-A541-4AC2-B57B-1C1FB66E1850}.Debug|Any CPU.Build.0 = Debug|Any CPU
		{FAAA0901-A541-4AC2-B57B-1C1FB66E1850}.Debug|x64.ActiveCfg = Debug|Any CPU
		{FAAA0901-A541-4AC2-B57B-1C1FB66E1850}.Debug|x64.Build.0 = Debug|Any CPU
		{FAAA0901-A541-4AC2-B57B-1C1FB66E1850}.Debug|x86.ActiveCfg = Debug|Any CPU
		{FAAA0901-A541-4AC2-B57B-1C1FB66E1850}.Debug|x86.Build.0 = Debug|Any CPU
		{FAAA0901-A541-4AC2-B57B-1C1FB66E1850}.Release|Any CPU.ActiveCfg = Release|Any CPU
		{FAAA0901-A541-4AC2-B57B-1C1FB66E1850}.Release|Any CPU.Build.0 = Release|Any CPU
		{FAAA0901-A541-4AC2-B57B-1C1FB66E1850}.Release|x64.ActiveCfg = Release|Any CPU
		{FAAA0901-A541-4AC2-B57B-1C1FB66E1850}.Release|x64.Build.0 = Release|Any CPU
		{FAAA0901-A541-4AC2-B57B-1C1FB66E1850}.Release|x86.ActiveCfg = Release|Any CPU
		{FAAA0901-A541-4AC2-B57B-1C1FB66E1850}.Release|x86.Build.0 = Release|Any CPU
		{0D687415-1D44-460C-911F-D9A6400E611D}.Debug|Any CPU.ActiveCfg = Debug|Any CPU
		{0D687415-1D44-460C-911F-D9A6400E611D}.Debug|Any CPU.Build.0 = Debug|Any CPU
		{0D687415-1D44-460C-911F-D9A6400E611D}.Debug|x64.ActiveCfg = Debug|Any CPU
		{0D687415-1D44-460C-911F-D9A6400E611D}.Debug|x64.Build.0 = Debug|Any CPU
		{0D687415-1D44-460C-911F-D9A6400E611D}.Debug|x86.ActiveCfg = Debug|Any CPU
		{0D687415-1D44-460C-911F-D9A6400E611D}.Debug|x86.Build.0 = Debug|Any CPU
		{0D687415-1D44-460C-911F-D9A6400E611D}.Release|Any CPU.ActiveCfg = Release|Any CPU
		{0D687415-1D44-460C-911F-D9A6400E611D}.Release|Any CPU.Build.0 = Release|Any CPU
		{0D687415-1D44-460C-911F-D9A6400E611D}.Release|x64.ActiveCfg = Release|Any CPU
		{0D687415-1D44-460C-911F-D9A6400E611D}.Release|x64.Build.0 = Release|Any CPU
		{0D687415-1D44-460C-911F-D9A6400E611D}.Release|x86.ActiveCfg = Release|Any CPU
		{0D687415-1D44-460C-911F-D9A6400E611D}.Release|x86.Build.0 = Release|Any CPU
		{60215CFE-193C-4E82-A75D-21D2286A9621}.Debug|Any CPU.ActiveCfg = Debug|Any CPU
		{60215CFE-193C-4E82-A75D-21D2286A9621}.Debug|Any CPU.Build.0 = Debug|Any CPU
		{60215CFE-193C-4E82-A75D-21D2286A9621}.Debug|x64.ActiveCfg = Debug|Any CPU
		{60215CFE-193C-4E82-A75D-21D2286A9621}.Debug|x64.Build.0 = Debug|Any CPU
		{60215CFE-193C-4E82-A75D-21D2286A9621}.Debug|x86.ActiveCfg = Debug|Any CPU
		{60215CFE-193C-4E82-A75D-21D2286A9621}.Debug|x86.Build.0 = Debug|Any CPU
		{60215CFE-193C-4E82-A75D-21D2286A9621}.Release|Any CPU.ActiveCfg = Release|Any CPU
		{60215CFE-193C-4E82-A75D-21D2286A9621}.Release|Any CPU.Build.0 = Release|Any CPU
		{60215CFE-193C-4E82-A75D-21D2286A9621}.Release|x64.ActiveCfg = Release|Any CPU
		{60215CFE-193C-4E82-A75D-21D2286A9621}.Release|x64.Build.0 = Release|Any CPU
		{60215CFE-193C-4E82-A75D-21D2286A9621}.Release|x86.ActiveCfg = Release|Any CPU
		{60215CFE-193C-4E82-A75D-21D2286A9621}.Release|x86.Build.0 = Release|Any CPU
		{D4A89197-7868-4C6A-8207-4CEFCB2B245F}.Debug|Any CPU.ActiveCfg = Debug|Any CPU
		{D4A89197-7868-4C6A-8207-4CEFCB2B245F}.Debug|Any CPU.Build.0 = Debug|Any CPU
		{D4A89197-7868-4C6A-8207-4CEFCB2B245F}.Debug|x64.ActiveCfg = Debug|Any CPU
		{D4A89197-7868-4C6A-8207-4CEFCB2B245F}.Debug|x64.Build.0 = Debug|Any CPU
		{D4A89197-7868-4C6A-8207-4CEFCB2B245F}.Debug|x86.ActiveCfg = Debug|Any CPU
		{D4A89197-7868-4C6A-8207-4CEFCB2B245F}.Debug|x86.Build.0 = Debug|Any CPU
		{D4A89197-7868-4C6A-8207-4CEFCB2B245F}.Release|Any CPU.ActiveCfg = Release|Any CPU
		{D4A89197-7868-4C6A-8207-4CEFCB2B245F}.Release|Any CPU.Build.0 = Release|Any CPU
		{D4A89197-7868-4C6A-8207-4CEFCB2B245F}.Release|x64.ActiveCfg = Release|Any CPU
		{D4A89197-7868-4C6A-8207-4CEFCB2B245F}.Release|x64.Build.0 = Release|Any CPU
		{D4A89197-7868-4C6A-8207-4CEFCB2B245F}.Release|x86.ActiveCfg = Release|Any CPU
		{D4A89197-7868-4C6A-8207-4CEFCB2B245F}.Release|x86.Build.0 = Release|Any CPU
	EndGlobalSection
	GlobalSection(NestedProjects) = preSolution
		{EAA5A122-666C-49B4-B649-3C0EEC76AD33} = {BE5C51D0-DB91-4531-9DFE-7FA84D3CD862}
		{DDC5CC6B-E90D-4167-83F9-73D225905704} = {6DAB12FE-36E0-4B52-ADE4-6AC4B67FAA12}
		{1DA44DA1-E0B2-4209-AA29-D6A739021E96} = {BE5C51D0-DB91-4531-9DFE-7FA84D3CD862}
		{66879C2D-1756-4ECA-AA22-9EA7DF046D48} = {6DAB12FE-36E0-4B52-ADE4-6AC4B67FAA12}
		{FAAA0901-A541-4AC2-B57B-1C1FB66E1850} = {BE5C51D0-DB91-4531-9DFE-7FA84D3CD862}
		{0D687415-1D44-460C-911F-D9A6400E611D} = {6DAB12FE-36E0-4B52-ADE4-6AC4B67FAA12}
		{60215CFE-193C-4E82-A75D-21D2286A9621} = {BE5C51D0-DB91-4531-9DFE-7FA84D3CD862}
		{D4A89197-7868-4C6A-8207-4CEFCB2B245F} = {BE5C51D0-DB91-4531-9DFE-7FA84D3CD862}
	EndGlobalSection
EndGlobal
