
Microsoft Visual Studio Solution File, Format Version 12.00
# Visual Studio Version 16
VisualStudioVersion = 16.0.30114.105
MinimumVisualStudioVersion = 10.0.40219.1
Project("{FAE04EC0-301F-11D3-BF4B-00C04F79EFBC}") = "Conjure.NScribe", "..\..\src\Conjure.NScribe\Conjure.NScribe.csproj", "{68ED0386-B711-4118-9276-65086ECA6ABB}"
EndProject
Project("{FAE04EC0-301F-11D3-BF4B-00C04F79EFBC}") = "Conjure", "..\..\src\Conjure\Conjure.csproj", "{4994D137-BFF1-4259-BAEF-D697A98CC9E7}"
EndProject
Project("{FAE04EC0-301F-11D3-BF4B-00C04F79EFBC}") = "Conjure.NScribe.PermissionsSample", "Conjure.NScribe.PermissionsSample\Conjure.NScribe.PermissionsSample.csproj", "{16F84451-FECA-4783-AE45-2CB07AF9DD3F}"
EndProject
Global
	GlobalSection(SolutionConfigurationPlatforms) = preSolution
		Debug|Any CPU = Debug|Any CPU
		Release|Any CPU = Release|Any CPU
	EndGlobalSection
	GlobalSection(SolutionProperties) = preSolution
		HideSolutionNode = FALSE
	EndGlobalSection
	GlobalSection(ProjectConfigurationPlatforms) = postSolution
		{68ED0386-B711-4118-9276-65086ECA6ABB}.Debug|Any CPU.ActiveCfg = Debug|Any CPU
		{68ED0386-B711-4118-9276-65086ECA6ABB}.Debug|Any CPU.Build.0 = Debug|Any CPU
		{68ED0386-B711-4118-9276-65086ECA6ABB}.Release|Any CPU.ActiveCfg = Release|Any CPU
		{68ED0386-B711-4118-9276-65086ECA6ABB}.Release|Any CPU.Build.0 = Release|Any CPU
		{4994D137-BFF1-4259-BAEF-D697A98CC9E7}.Debug|Any CPU.ActiveCfg = Debug|Any CPU
		{4994D137-BFF1-4259-BAEF-D697A98CC9E7}.Debug|Any CPU.Build.0 = Debug|Any CPU
		{4994D137-BFF1-4259-BAEF-D697A98CC9E7}.Release|Any CPU.ActiveCfg = Release|Any CPU
		{4994D137-BFF1-4259-BAEF-D697A98CC9E7}.Release|Any CPU.Build.0 = Release|Any CPU
		{16F84451-FECA-4783-AE45-2CB07AF9DD3F}.Debug|Any CPU.ActiveCfg = Debug|Any CPU
		{16F84451-FECA-4783-AE45-2CB07AF9DD3F}.Debug|Any CPU.Build.0 = Debug|Any CPU
		{16F84451-FECA-4783-AE45-2CB07AF9DD3F}.Release|Any CPU.ActiveCfg = Release|Any CPU
		{16F84451-FECA-4783-AE45-2CB07AF9DD3F}.Release|Any CPU.Build.0 = Release|Any CPU
	EndGlobalSection
EndGlobal
